<Solution>
  <Project Path="UD1-EJ1-ARRAY/UD1-EJ1-ARRAY.csproj" Id="9b77f8da-216b-41db-8ae4-d3f6d1231b38" />
  <Project Path="UD1-EJ2-CLASE/UD1-EJ2-CLASE.csproj" Id="912af6da-f567-4a24-96d3-9ce83c134e1d" />
  <Project Path="UD1-EJ3-HERENCIA/UD1-EJ3-HERENCIA.csproj" Id="3f885b5f-72df-4d04-9029-e8f4606914c3" />
  <Project Path="UD1-EJ4-INTERFACES/UD1-EJ4-INTERFACES.csproj" Id="89def27c-689b-4e2e-9383-05e9d8c17ab7" />
</Solution>
